
Microsoft Visual Studio Solution File, Format Version 12.00
# Visual Studio Version 17
VisualStudioVersion = 17.5.002.0
MinimumVisualStudioVersion = 10.0.40219.1
Project("{9A19103F-16F7-4668-BE54-9A1E7A4F7556}") = "Enunciado POO", "Enunciado POO.csproj", "{8BE7060F-E79D-4867-89C7-2C1CFCCEC3F0}"
EndProject
Global
	GlobalSection(SolutionConfigurationPlatforms) = preSolution
		Debug|Any CPU = Debug|Any CPU
		Release|Any CPU = Release|Any CPU
	EndGlobalSection
	GlobalSection(ProjectConfigurationPlatforms) = postSolution
		{8BE7060F-E79D-4867-89C7-2C1CFCCEC3F0}.Debug|Any CPU.ActiveCfg = Debug|Any CPU
		{8BE7060F-E79D-4867-89C7-2C1CFCCEC3F0}.Debug|Any CPU.Build.0 = Debug|Any CPU
		{8BE7060F-E79D-4867-89C7-2C1CFCCEC3F0}.Release|Any CPU.ActiveCfg = Release|Any CPU
		{8BE7060F-E79D-4867-89C7-2C1CFCCEC3F0}.Release|Any CPU.Build.0 = Release|Any CPU
	EndGlobalSection
	GlobalSection(SolutionProperties) = preSolution
		HideSolutionNode = FALSE
	EndGlobalSection
	GlobalSection(ExtensibilityGlobals) = postSolution
		SolutionGuid = {33D0FB32-E357-44AF-819F-8DE8AB4D2CB2}
	EndGlobalSection
EndGlobal
